
Microsoft Visual Studio Solution File, Format Version 12.00
# Visual Studio 2013
VisualStudioVersion = 12.0.30501.0
MinimumVisualStudioVersion = 10.0.40219.1
Project("{FAE04EC0-301F-11D3-BF4B-00C04F79EFBC}") = "BusinessLayer", "BusinessLayer\BusinessLayer.csproj", "{199F1C8A-4609-4FF4-B36B-E6CC3D47FAC9}"
EndProject
Project("{FAE04EC0-301F-11D3-BF4B-00C04F79EFBC}") = "Client", "Client\Client.csproj", "{996602D1-5DB8-4009-A0AE-1A4ECBE4C59F}"
EndProject
Global
	GlobalSection(SolutionConfigurationPlatforms) = preSolution
		Debug|Any CPU = Debug|Any CPU
		Release|Any CPU = Release|Any CPU
	EndGlobalSection
	GlobalSection(ProjectConfigurationPlatforms) = postSolution
		{199F1C8A-4609-4FF4-B36B-E6CC3D47FAC9}.Debug|Any CPU.ActiveCfg = Debug|Any CPU
		{199F1C8A-4609-4FF4-B36B-E6CC3D47FAC9}.Debug|Any CPU.Build.0 = Debug|Any CPU
		{199F1C8A-4609-4FF4-B36B-E6CC3D47FAC9}.Release|Any CPU.ActiveCfg = Release|Any CPU
		{199F1C8A-4609-4FF4-B36B-E6CC3D47FAC9}.Release|Any CPU.Build.0 = Release|Any CPU
		{996602D1-5DB8-4009-A0AE-1A4ECBE4C59F}.Debug|Any CPU.ActiveCfg = Debug|Any CPU
		{996602D1-5DB8-4009-A0AE-1A4ECBE4C59F}.Debug|Any CPU.Build.0 = Debug|Any CPU
		{996602D1-5DB8-4009-A0AE-1A4ECBE4C59F}.Release|Any CPU.ActiveCfg = Release|Any CPU
		{996602D1-5DB8-4009-A0AE-1A4ECBE4C59F}.Release|Any CPU.Build.0 = Release|Any CPU
	EndGlobalSection
	GlobalSection(SolutionProperties) = preSolution
		HideSolutionNode = FALSE
	EndGlobalSection
EndGlobal
